
Microsoft Visual Studio Solution File, Format Version 12.00
# Visual Studio Version 16
VisualStudioVersion = 25.0.1706.7
MinimumVisualStudioVersion = 10.0.40219.1
Project("{FAE04EC0-301F-11D3-BF4B-00C04F79EFBC}") = "app_sgv", "app_sgv\app_sgv.csproj", "{C20DA220-D339-49A2-96BA-2278B7159A65}"
EndProject
Project("{FAE04EC0-301F-11D3-BF4B-00C04F79EFBC}") = "app_sgv_mvc", "app_sgv_mvc\app_sgv_mvc.csproj", "{126884E6-BD36-4C06-8D09-8B7334B26815}"
EndProject
Global
	GlobalSection(SolutionConfigurationPlatforms) = preSolution
		Debug|Any CPU = Debug|Any CPU
		Release|Any CPU = Release|Any CPU
	EndGlobalSection
	GlobalSection(ProjectConfigurationPlatforms) = postSolution
		{C20DA220-D339-49A2-96BA-2278B7159A65}.Debug|Any CPU.ActiveCfg = Debug|Any CPU
		{C20DA220-D339-49A2-96BA-2278B7159A65}.Debug|Any CPU.Build.0 = Debug|Any CPU
		{C20DA220-D339-49A2-96BA-2278B7159A65}.Release|Any CPU.ActiveCfg = Release|Any CPU
		{C20DA220-D339-49A2-96BA-2278B7159A65}.Release|Any CPU.Build.0 = Release|Any CPU
		{126884E6-BD36-4C06-8D09-8B7334B26815}.Debug|Any CPU.ActiveCfg = Debug|Any CPU
		{126884E6-BD36-4C06-8D09-8B7334B26815}.Debug|Any CPU.Build.0 = Debug|Any CPU
		{126884E6-BD36-4C06-8D09-8B7334B26815}.Release|Any CPU.ActiveCfg = Release|Any CPU
		{126884E6-BD36-4C06-8D09-8B7334B26815}.Release|Any CPU.Build.0 = Release|Any CPU
	EndGlobalSection
	GlobalSection(SolutionProperties) = preSolution
		HideSolutionNode = FALSE
	EndGlobalSection
	GlobalSection(ExtensibilityGlobals) = postSolution
		SolutionGuid = {84C07E40-C80F-459C-B379-CB848DBF58F7}
	EndGlobalSection
EndGlobal
